{
  "originHash" : "32607578abdf22b33947f50d5ce065bb81c731aad89a52d7cfecb98a16f8f419",
  "pins" : [
    {
      "identity" : "launchatlogin-modern",
      "kind" : "remoteSourceControl",
      "location" : "https://github.com/sindresorhus/LaunchAtLogin-Modern",
      "state" : {
        "branch" : "main",
        "revision" : "a04ec1c363be3627734f6dad757d82f5d4fa8fcc"
      }
    },
    {
      "identity" : "simplycoreaudio",
      "kind" : "remoteSourceControl",
      "location" : "git@github.com:rnine/SimplyCoreAudio.git",
      "state" : {
        "revision" : "35cc0e6eac5c2ee5049431f4238b0e333cf79869",
        "version" : "4.1.1"
      }
    },
    {
      "identity" : "swift-atomics",
      "kind" : "remoteSourceControl",
      "location" : "https://github.com/apple/swift-atomics.git",
      "state" : {
        "revision" : "cd142fd2f64be2100422d658e7411e39489da985",
        "version" : "1.2.0"
      }
    }
  ],
  "version" : 3
}
